
Microsoft Visual Studio Solution File, Format Version 12.00
# Visual Studio 2013
VisualStudioVersion = 12.0.31101.0
MinimumVisualStudioVersion = 10.0.40219.1
Project("{2150E333-8FDC-42A3-9474-1A3956D46DE8}") = ".nuget", ".nuget", "{DFA48E27-7D53-4955-A722-3D91A7119BE7}"
	ProjectSection(SolutionItems) = preProject
		.nuget\NuGet.Config = .nuget\NuGet.Config
		.nuget\NuGet.exe = .nuget\NuGet.exe
		.nuget\NuGet.targets = .nuget\NuGet.targets
	EndProjectSection
EndProject
Project("{FAE04EC0-301F-11D3-BF4B-00C04F79EFBC}") = "Smart.AIMS.Core", "Smart.AIMS.Core\Smart.AIMS.Core.csproj", "{17298EA0-AF73-4F30-B6F1-2066100D7D74}"
EndProject
Project("{FAE04EC0-301F-11D3-BF4B-00C04F79EFBC}") = "Smart.AIMS.Application", "Smart.AIMS.Application\Smart.AIMS.Application.csproj", "{EDF5D964-4C0F-4F19-B674-58A38A5E5401}"
EndProject
Project("{FAE04EC0-301F-11D3-BF4B-00C04F79EFBC}") = "Smart.AIMS.EntityFramework", "Smart.AIMS.EntityFramework\Smart.AIMS.EntityFramework.csproj", "{3979F157-DEB0-4878-AB1D-4CEF6B5A1300}"
EndProject
Project("{FAE04EC0-301F-11D3-BF4B-00C04F79EFBC}") = "Smart.AIMS.WebApi", "Smart.AIMS.WebApi\Smart.AIMS.WebApi.csproj", "{5EB52D3D-09FD-463A-B02A-8D9856BD3724}"
EndProject
Project("{FAE04EC0-301F-11D3-BF4B-00C04F79EFBC}") = "Smart.AIMS.Web", "Smart.AIMS.Web\Smart.AIMS.Web.csproj", "{404A6D3B-AA85-4E4C-AEEE-1E5026D5F135}"
EndProject
Project("{2150E333-8FDC-42A3-9474-1A3956D46DE8}") = "1、AIMS.UI", "1、AIMS.UI", "{51915CCB-7677-474D-99F7-8DA13925EB67}"
EndProject
Project("{2150E333-8FDC-42A3-9474-1A3956D46DE8}") = "3、AIMS.Application", "3、AIMS.Application", "{EE62BBE7-E839-4D3D-8D1D-C7EE5537D2C9}"
EndProject
Project("{2150E333-8FDC-42A3-9474-1A3956D46DE8}") = "2、AIMS.Api", "2、AIMS.Api", "{859E6BD5-7E18-4D88-A912-774490930211}"
EndProject
Project("{2150E333-8FDC-42A3-9474-1A3956D46DE8}") = "4、AIMS.Core", "4、AIMS.Core", "{E0ADA595-263F-4912-87D4-BF17A44C0E82}"
EndProject
Project("{2150E333-8FDC-42A3-9474-1A3956D46DE8}") = "5、AIMS.Entity", "5、AIMS.Entity", "{929E8436-031C-4628-8130-E61892F9244A}"
EndProject
Project("{2150E333-8FDC-42A3-9474-1A3956D46DE8}") = "1.1 Mutil.UI", "1.1 Mutil.UI", "{531692D1-CA4A-48D6-A379-08CF42BC3829}"
EndProject
Project("{2150E333-8FDC-42A3-9474-1A3956D46DE8}") = "1.2 AnlgularJS.UI", "1.2 AnlgularJS.UI", "{5B39B058-8072-4E26-A0E7-4C8638246A18}"
EndProject
Project("{FAE04EC0-301F-11D3-BF4B-00C04F79EFBC}") = "Smart.AIMS.Web", "Smart.AIMS.Web.AngularJS\Smart.AIMS.Web.csproj", "{897F6FD8-6F90-48E4-95A5-B4429B896205}"
EndProject
Project("{2150E333-8FDC-42A3-9474-1A3956D46DE8}") = "1.3 WPF.UI", "1.3 WPF.UI", "{C5E19B0B-836A-4E1B-99B3-030304F6FB82}"
EndProject
Project("{FAE04EC0-301F-11D3-BF4B-00C04F79EFBC}") = "Smart.AIMS.Desktop", "Smart.AIMS.Desktop\Smart.AIMS.Desktop.csproj", "{2F218DCF-AEC4-4D1D-AC79-CC6E1BCF5DDD}"
EndProject
Project("{2150E333-8FDC-42A3-9474-1A3956D46DE8}") = "6、AIMS.Common", "6、AIMS.Common", "{50BEAC8C-69F8-4D80-BF81-CD690882E528}"
EndProject
Project("{FAE04EC0-301F-11D3-BF4B-00C04F79EFBC}") = "Smart.AIMS.Common", "Smart.AIMS.Common\Smart.AIMS.Common.csproj", "{D3DEA899-9925-4DB4-8AAA-147B579FC30E}"
EndProject
Project("{2150E333-8FDC-42A3-9474-1A3956D46DE8}") = "7、AIMS.Docs", "7、AIMS.Docs", "{057C6167-2CF2-420C-9F64-FA55CF5300B6}"
	ProjectSection(SolutionItems) = preProject
		README.md = README.md
	EndProjectSection
EndProject
Global
	GlobalSection(SolutionConfigurationPlatforms) = preSolution
		Debug|Any CPU = Debug|Any CPU
		Release|Any CPU = Release|Any CPU
	EndGlobalSection
	GlobalSection(ProjectConfigurationPlatforms) = postSolution
		{17298EA0-AF73-4F30-B6F1-2066100D7D74}.Debug|Any CPU.ActiveCfg = Debug|Any CPU
		{17298EA0-AF73-4F30-B6F1-2066100D7D74}.Debug|Any CPU.Build.0 = Debug|Any CPU
		{17298EA0-AF73-4F30-B6F1-2066100D7D74}.Release|Any CPU.ActiveCfg = Release|Any CPU
		{17298EA0-AF73-4F30-B6F1-2066100D7D74}.Release|Any CPU.Build.0 = Release|Any CPU
		{EDF5D964-4C0F-4F19-B674-58A38A5E5401}.Debug|Any CPU.ActiveCfg = Debug|Any CPU
		{EDF5D964-4C0F-4F19-B674-58A38A5E5401}.Debug|Any CPU.Build.0 = Debug|Any CPU
		{EDF5D964-4C0F-4F19-B674-58A38A5E5401}.Release|Any CPU.ActiveCfg = Release|Any CPU
		{EDF5D964-4C0F-4F19-B674-58A38A5E5401}.Release|Any CPU.Build.0 = Release|Any CPU
		{3979F157-DEB0-4878-AB1D-4CEF6B5A1300}.Debug|Any CPU.ActiveCfg = Debug|Any CPU
		{3979F157-DEB0-4878-AB1D-4CEF6B5A1300}.Debug|Any CPU.Build.0 = Debug|Any CPU
		{3979F157-DEB0-4878-AB1D-4CEF6B5A1300}.Release|Any CPU.ActiveCfg = Release|Any CPU
		{3979F157-DEB0-4878-AB1D-4CEF6B5A1300}.Release|Any CPU.Build.0 = Release|Any CPU
		{5EB52D3D-09FD-463A-B02A-8D9856BD3724}.Debug|Any CPU.ActiveCfg = Debug|Any CPU
		{5EB52D3D-09FD-463A-B02A-8D9856BD3724}.Debug|Any CPU.Build.0 = Debug|Any CPU
		{5EB52D3D-09FD-463A-B02A-8D9856BD3724}.Release|Any CPU.ActiveCfg = Release|Any CPU
		{5EB52D3D-09FD-463A-B02A-8D9856BD3724}.Release|Any CPU.Build.0 = Release|Any CPU
		{404A6D3B-AA85-4E4C-AEEE-1E5026D5F135}.Debug|Any CPU.ActiveCfg = Debug|Any CPU
		{404A6D3B-AA85-4E4C-AEEE-1E5026D5F135}.Debug|Any CPU.Build.0 = Debug|Any CPU
		{404A6D3B-AA85-4E4C-AEEE-1E5026D5F135}.Release|Any CPU.ActiveCfg = Release|Any CPU
		{404A6D3B-AA85-4E4C-AEEE-1E5026D5F135}.Release|Any CPU.Build.0 = Release|Any CPU
		{897F6FD8-6F90-48E4-95A5-B4429B896205}.Debug|Any CPU.ActiveCfg = Debug|Any CPU
		{897F6FD8-6F90-48E4-95A5-B4429B896205}.Debug|Any CPU.Build.0 = Debug|Any CPU
		{897F6FD8-6F90-48E4-95A5-B4429B896205}.Release|Any CPU.ActiveCfg = Release|Any CPU
		{897F6FD8-6F90-48E4-95A5-B4429B896205}.Release|Any CPU.Build.0 = Release|Any CPU
		{2F218DCF-AEC4-4D1D-AC79-CC6E1BCF5DDD}.Debug|Any CPU.ActiveCfg = Debug|Any CPU
		{2F218DCF-AEC4-4D1D-AC79-CC6E1BCF5DDD}.Debug|Any CPU.Build.0 = Debug|Any CPU
		{2F218DCF-AEC4-4D1D-AC79-CC6E1BCF5DDD}.Release|Any CPU.ActiveCfg = Release|Any CPU
		{2F218DCF-AEC4-4D1D-AC79-CC6E1BCF5DDD}.Release|Any CPU.Build.0 = Release|Any CPU
		{D3DEA899-9925-4DB4-8AAA-147B579FC30E}.Debug|Any CPU.ActiveCfg = Debug|Any CPU
		{D3DEA899-9925-4DB4-8AAA-147B579FC30E}.Debug|Any CPU.Build.0 = Debug|Any CPU
		{D3DEA899-9925-4DB4-8AAA-147B579FC30E}.Release|Any CPU.ActiveCfg = Release|Any CPU
		{D3DEA899-9925-4DB4-8AAA-147B579FC30E}.Release|Any CPU.Build.0 = Release|Any CPU
	EndGlobalSection
	GlobalSection(SolutionProperties) = preSolution
		HideSolutionNode = FALSE
	EndGlobalSection
	GlobalSection(NestedProjects) = preSolution
		{17298EA0-AF73-4F30-B6F1-2066100D7D74} = {E0ADA595-263F-4912-87D4-BF17A44C0E82}
		{EDF5D964-4C0F-4F19-B674-58A38A5E5401} = {EE62BBE7-E839-4D3D-8D1D-C7EE5537D2C9}
		{3979F157-DEB0-4878-AB1D-4CEF6B5A1300} = {929E8436-031C-4628-8130-E61892F9244A}
		{5EB52D3D-09FD-463A-B02A-8D9856BD3724} = {859E6BD5-7E18-4D88-A912-774490930211}
		{404A6D3B-AA85-4E4C-AEEE-1E5026D5F135} = {531692D1-CA4A-48D6-A379-08CF42BC3829}
		{531692D1-CA4A-48D6-A379-08CF42BC3829} = {51915CCB-7677-474D-99F7-8DA13925EB67}
		{5B39B058-8072-4E26-A0E7-4C8638246A18} = {51915CCB-7677-474D-99F7-8DA13925EB67}
		{897F6FD8-6F90-48E4-95A5-B4429B896205} = {5B39B058-8072-4E26-A0E7-4C8638246A18}
		{C5E19B0B-836A-4E1B-99B3-030304F6FB82} = {51915CCB-7677-474D-99F7-8DA13925EB67}
		{2F218DCF-AEC4-4D1D-AC79-CC6E1BCF5DDD} = {C5E19B0B-836A-4E1B-99B3-030304F6FB82}
		{D3DEA899-9925-4DB4-8AAA-147B579FC30E} = {50BEAC8C-69F8-4D80-BF81-CD690882E528}
	EndGlobalSection
EndGlobal
